Microsoft Visual Studio Solution File, Format Version 12.00
# Visual Studio 2012
Project("{FAE04EC0-301F-11D3-BF4B-00C04F79EFBC}") = "test", "test.csproj", "{BE78E8B2-6A3D-4808-8BC5-FCBB9A9D118E}"
EndProject
Global
	GlobalSection(SolutionConfigurationPlatforms) = preSolution
	Debug|Any CPU = Debug|Any CPU
	ExportDebug|Any CPU = ExportDebug|Any CPU
	ExportRelease|Any CPU = ExportRelease|Any CPU
	EndGlobalSection
	GlobalSection(ProjectConfigurationPlatforms) = postSolution
		{BE78E8B2-6A3D-4808-8BC5-FCBB9A9D118E}.Debug|Any CPU.ActiveCfg = Debug|Any CPU
		{BE78E8B2-6A3D-4808-8BC5-FCBB9A9D118E}.Debug|Any CPU.Build.0 = Debug|Any CPU
		{BE78E8B2-6A3D-4808-8BC5-FCBB9A9D118E}.ExportDebug|Any CPU.ActiveCfg = ExportDebug|Any CPU
		{BE78E8B2-6A3D-4808-8BC5-FCBB9A9D118E}.ExportDebug|Any CPU.Build.0 = ExportDebug|Any CPU
		{BE78E8B2-6A3D-4808-8BC5-FCBB9A9D118E}.ExportRelease|Any CPU.ActiveCfg = ExportRelease|Any CPU
		{BE78E8B2-6A3D-4808-8BC5-FCBB9A9D118E}.ExportRelease|Any CPU.Build.0 = ExportRelease|Any CPU
	EndGlobalSection
EndGlobal
